
Microsoft Visual Studio Solution File, Format Version 12.00
# Visual Studio Version 16
VisualStudioVersion = 16.0.29509.3
MinimumVisualStudioVersion = 10.0.40219.1
Project("{FAE04EC0-301F-11D3-BF4B-00C04F79EFBC}") = "SubAdapter", "SubAdapter.csproj", "{A619B5A9-66B8-4EE2-8337-54D4B12320CD}"
EndProject
Global
	GlobalSection(SolutionConfigurationPlatforms) = preSolution
		Debug|Any CPU = Debug|Any CPU
		Release|Any CPU = Release|Any CPU
	EndGlobalSection
	GlobalSection(ProjectConfigurationPlatforms) = postSolution
		{A619B5A9-66B8-4EE2-8337-54D4B12320CD}.Debug|Any CPU.ActiveCfg = Debug|Any CPU
		{A619B5A9-66B8-4EE2-8337-54D4B12320CD}.Debug|Any CPU.Build.0 = Debug|Any CPU
		{A619B5A9-66B8-4EE2-8337-54D4B12320CD}.Release|Any CPU.ActiveCfg = Release|Any CPU
		{A619B5A9-66B8-4EE2-8337-54D4B12320CD}.Release|Any CPU.Build.0 = Release|Any CPU
	EndGlobalSection
	GlobalSection(SolutionProperties) = preSolution
		HideSolutionNode = FALSE
	EndGlobalSection
	GlobalSection(ExtensibilityGlobals) = postSolution
		SolutionGuid = {DE064925-46A2-4CA7-8244-EF6DF589C0DA}
	EndGlobalSection
EndGlobal
